// !$*UTF8*$!
{
	archiveVersion = 1;
	classes = {
	};
	objectVersion = 46;
	objects = {

/* Begin PBXBuildFile section */
		A3307CD41F7570B3002ED701 /* AppDelegate.swift in Sources */ = {isa = PBXBuildFile; fileRef = A3307CD31F7570B3002ED701 /* AppDelegate.swift */; };
		A3307CD61F7570B3002ED701 /* ViewController.swift in Sources */ = {isa = PBXBuildFile; fileRef = A3307CD51F7570B3002ED701 /* ViewController.swift */; };
		A3307CD91F7570B3002ED701 /* Main.storyboard in Resources */ = {isa = PBXBuildFile; fileRef = A3307CD71F7570B3002ED701 /* Main.storyboard */; };
		A3307CDB1F7570B3002ED701 /* Assets.xcassets in Resources */ = {isa = PBXBuildFile; fileRef = A3307CDA1F7570B3002ED701 /* Assets.xcassets */; };
		A3307CDE1F7570B3002ED701 /* LaunchScreen.storyboard in Resources */ = {isa = PBXBuildFile; fileRef = A3307CDC1F7570B3002ED701 /* LaunchScreen.storyboard */; };
		AF2AC1D3A0E2F2214C9D496F /* Pods_CocoapodsTest.framework in Frameworks */ = {isa = PBXBuildFile; fileRef = 1AFBE40597ADAA3D4D889C95 /* Pods_CocoapodsTest.framework */; };
/* End PBXBuildFile section */

/* Begin PBXFileReference section */
		1AFBE40597ADAA3D4D889C95 /* Pods_CocoapodsTest.framework */ = {isa = PBXFileReference; explicitFileType = wrapper.framework; includeInIndex = 0; path = Pods_CocoapodsTest.framework; sourceTree = BUILT_PRODUCTS_DIR; };
		592FE0878500EB8DB98B3617 /* Pods-CocoapodsTest.release.xcconfig */ = {isa = PBXFileReference; includeInIndex = 1; lastKnownFileType = text.xcconfig; name = "Pods-CocoapodsTest.release.xcconfig"; path = "Pods/Target Support Files/Pods-CocoapodsTest/Pods-CocoapodsTest.release.xcconfig"; sourceTree = "<group>"; };
		A3307CD01F7570B3002ED701 /* CocoapodsTest.app */ = {isa = PBXFileReference; explicitFileType = wrapper.application; includeInIndex = 0; path = CocoapodsTest.app; sourceTree = BUILT_PRODUCTS_DIR; };
		A3307CD31F7570B3002ED701 /* AppDelegate.swift */ = {isa = PBXFileReference; lastKnownFileType = sourcecode.swift; path = AppDelegate.swift; sourceTree = "<group>"; };
		A3307CD51F7570B3002ED701 /* ViewController.swift */ = {isa = PBXFileReference; lastKnownFileType = sourcecode.swift; path = ViewController.swift; sourceTree = "<group>"; };
		A3307CD81F7570B3002ED701 /* Base */ = {isa = PBXFileReference; lastKnownFileType = file.storyboard; name = Base; path = Base.lproj/Main.storyboard; sourceTree = "<group>"; };
		A3307CDA1F7570B3002ED701 /* Assets.xcassets */ = {isa = PBXFileReference; lastKnownFileType = folder.assetcatalog; path = Assets.xcassets; sourceTree = "<group>"; };
		A3307CDD1F7570B3002ED701 /* Base */ = {isa = PBXFileReference; lastKnownFileType = file.storyboard; name = Base; path = Base.lproj/LaunchScreen.storyboard; sourceTree = "<group>"; };
		A3307CDF1F7570B3002ED701 /* Info.plist */ = {isa = PBXFileReference; lastKnownFileType = text.plist.xml; path = Info.plist; sourceTree = "<group>"; };
		A83027EC5D358BCDEA328C51 /* Pods-CocoapodsTest.debug.xcconfig */ = {isa = PBXFileReference; includeInIndex = 1; lastKnownFileType = text.xcconfig; name = "Pods-CocoapodsTest.debug.xcconfig"; path = "Pods/Target Support Files/Pods-CocoapodsTest/Pods-CocoapodsTest.debug.xcconfig"; sourceTree = "<group>"; };
/* End PBXFileReference section */

/* Begin PBXFrameworksBuildPhase section */
		A3307CCD1F7570B3002ED701 /* Frameworks */ = {
			isa = PBXFrameworksBuildPhase;
			buildActionMask = 2147483647;
			files = (
				AF2AC1D3A0E2F2214C9D496F /* Pods_CocoapodsTest.framework in Frameworks */,
			);
			runOnlyForDeploymentPostprocessing = 0;
		};
/* End PBXFrameworksBuildPhase section */

/* Begin PBXGroup section */
		A3307CC71F7570B3002ED701 = {
			isa = PBXGroup;
			children = (
				A3307CD21F7570B3002ED701 /* CocoapodsTest */,
				A3307CD11F7570B3002ED701 /* Products */,
				E1233054B62266944BEEE640 /* Pods */,
				E63D159D898C175924E40D59 /* Frameworks */,
			);
			sourceTree = "<group>";
		};
		A3307CD11F7570B3002ED701 /* Products */ = {
			isa = PBXGroup;
			children = (
				A3307CD01F7570B3002ED701 /* CocoapodsTest.app */,
			);
			name = Products;
			sourceTree = "<group>";
		};
		A3307CD21F7570B3002ED701 /* CocoapodsTest */ = {
			isa = PBXGroup;
			children = (
				A3307CD31F7570B3002ED701 /* AppDelegate.swift */,
				A3307CD51F7570B3002ED701 /* ViewController.swift */,
				A3307CD71F7570B3002ED701 /* Main.storyboard */,
				A3307CDA1F7570B3002ED701 /* Assets.xcassets */,
				A3307CDC1F7570B3002ED701 /* LaunchScreen.storyboard */,
				A3307CDF1F7570B3002ED701 /* Info.plist */,
			);
			path = CocoapodsTest;
			sourceTree = "<group>";
		};
		E1233054B62266944BEEE640 /* Pods */ = {
			isa = PBXGroup;
			children = (
				A83027EC5D358BCDEA328C51 /* Pods-CocoapodsTest.debug.xcconfig */,
				592FE0878500EB8DB98B3617 /* Pods-CocoapodsTest.release.xcconfig */,
			);
			name = Pods;
			sourceTree = "<group>";
		};
		E63D159D898C175924E40D59 /* Frameworks */ = {
			isa = PBXGroup;
			children = (
				1AFBE40597ADAA3D4D889C95 /* Pods_CocoapodsTest.framework */,
			);
			name = Frameworks;
			sourceTree = "<group>";
		};
/* End PBXGroup section */

/* Begin PBXNativeTarget section */
		A3307CCF1F7570B3002ED701 /* CocoapodsTest */ = {
			isa = PBXNativeTarget;
			buildConfigurationList = A3307CE21F7570B3002ED701 /* Build configuration list for PBXNativeTarget "CocoapodsTest" */;
			buildPhases = (
				CD2FCCF753FB0A79F7A52214 /* [CP] Check Pods Manifest.lock */,
				A3307CCC1F7570B3002ED701 /* Sources */,
				A3307CCD1F7570B3002ED701 /* Frameworks */,
				A3307CCE1F7570B3002ED701 /* Resources */,
				BF7B095A51D9B2144E2CF01D /* [CP] Embed Pods Frameworks */,
				F8B4CDF25BA462BAFF9689A0 /* [CP] Copy Pods Resources */,
			);
			buildRules = (
			);
			dependencies = (
			);
			name = CocoapodsTest;
			productName = CocoapodsTest;
			productReference = A3307CD01F7570B3002ED701 /* CocoapodsTest.app */;
			productType = "com.apple.product-type.application";
		};
/* End PBXNativeTarget section */

/* Begin PBXProject section */
		A3307CC81F7570B3002ED701 /* Project object */ = {
			isa = PBXProject;
			attributes = {
				LastSwiftUpdateCheck = 0830;
				LastUpgradeCheck = 0830;
				ORGANIZATIONNAME = Julia;
				TargetAttributes = {
					A3307CCF1F7570B3002ED701 = {
						CreatedOnToolsVersion = 8.3.3;
						ProvisioningStyle = Automatic;
					};
				};
			};
			buildConfigurationList = A3307CCB1F7570B3002ED701 /* Build configuration list for PBXProject "CocoapodsTest" */;
			compatibilityVersion = "Xcode 3.2";
			developmentRegion = English;
			hasScannedForEncodings = 0;
			knownRegions = (
				en,
				Base,
			);
			mainGroup = A3307CC71F7570B3002ED701;
			productRefGroup = A3307CD11F7570B3002ED701 /* Products */;
			projectDirPath = "";
			projectRoot = "";
			targets = (
				A3307CCF1F7570B3002ED701 /* CocoapodsTest */,
			);
		};
/* End PBXProject section */

/* Begin PBXResourcesBuildPhase section */
		A3307CCE1F7570B3002ED701 /* Resources */ = {
			isa = PBXResourcesBuildPhase;
			buildActionMask = 2147483647;
			files = (
				A3307CDE1F7570B3002ED701 /* LaunchScreen.storyboard in Resources */,
				A3307CDB1F7570B3002ED701 /* Assets.xcassets in Resources */,
				A3307CD91F7570B3002ED701 /* Main.storyboard in Resources */,
			);
			runOnlyForDeploymentPostprocessing = 0;
		};
/* End PBXResourcesBuildPhase section */

/* Begin PBXShellScriptBuildPhase section */
		BF7B095A51D9B2144E2CF01D /* [CP] Embed Pods Frameworks */ = {
			isa = PBXShellScriptBuildPhase;
			buildActionMask = 2147483647;
			files = (
			);
			inputPaths = (
				"${SRCROOT}/Pods/Target Support Files/Pods-CocoapodsTest/Pods-CocoapodsTest-frameworks.sh",
				"${BUILT_PRODUCTS_DIR}/DynamicButton/DynamicButton.framework",
				"${BUILT_PRODUCTS_DIR}/Pastel/Pastel.framework",
			);
			name = "[CP] Embed Pods Frameworks";
			outputPaths = (
				"${TARGET_BUILD_DIR}/${FRAMEWORKS_FOLDER_PATH}/DynamicButton.framework",
				"${TARGET_BUILD_DIR}/${FRAMEWORKS_FOLDER_PATH}/Pastel.framework",
			);
			runOnlyForDeploymentPostprocessing = 0;
			shellPath = /bin/sh;
			shellScript = "\"${SRCROOT}/Pods/Target Support Files/Pods-CocoapodsTest/Pods-CocoapodsTest-frameworks.sh\"\n";
			showEnvVarsInLog = 0;
		};
		CD2FCCF753FB0A79F7A52214 /* [CP] Check Pods Manifest.lock */ = {
			isa = PBXShellScriptBuildPhase;
			buildActionMask = 2147483647;
			files = (
			);
			inputPaths = (
				"${PODS_PODFILE_DIR_PATH}/Podfile.lock",
				"${PODS_ROOT}/Manifest.lock",
			);
			name = "[CP] Check Pods Manifest.lock";
			outputPaths = (
				"$(DERIVED_FILE_DIR)/Pods-CocoapodsTest-checkManifestLockResult.txt",
			);
			runOnlyForDeploymentPostprocessing = 0;
			shellPath = /bin/sh;
			shellScript = "diff \"${PODS_PODFILE_DIR_PATH}/Podfile.lock\" \"${PODS_ROOT}/Manifest.lock\" > /dev/null\nif [ $? != 0 ] ; then\n    # print error to STDERR\n    echo \"error: The sandbox is not in sync with the Podfile.lock. Run 'pod install' or update your CocoaPods installation.\" >&2\n    exit 1\nfi\n# This output is used by Xcode 'outputs' to avoid re-running this script phase.\necho \"SUCCESS\" > \"${SCRIPT_OUTPUT_FILE_0}\"\n";
			showEnvVarsInLog = 0;
		};
		F8B4CDF25BA462BAFF9689A0 /* [CP] Copy Pods Resources */ = {
			isa = PBXShellScriptBuildPhase;
			buildActionMask = 2147483647;
			files = (
			);
			inputPaths = (
			);
			name = "[CP] Copy Pods Resources";
			outputPaths = (
			);
			runOnlyForDeploymentPostprocessing = 0;
			shellPath = /bin/sh;
			shellScript = "\"${SRCROOT}/Pods/Target Support Files/Pods-CocoapodsTest/Pods-CocoapodsTest-resources.sh\"\n";
			showEnvVarsInLog = 0;
		};
/* End PBXShellScriptBuildPhase section */

/* Begin PBXSourcesBuildPhase section */
		A3307CCC1F7570B3002ED701 /* Sources */ = {
			isa = PBXSourcesBuildPhase;
			buildActionMask = 2147483647;
			files = (
				A3307CD61F7570B3002ED701 /* ViewController.swift in Sources */,
				A3307CD41F7570B3002ED701 /* AppDelegate.swift in Sources */,
			);
			runOnlyForDeploymentPostprocessing = 0;
		};
/* End PBXSourcesBuildPhase section */

/* Begin PBXVariantGroup section */
		A3307CD71F7570B3002ED701 /* Main.storyboard */ = {
			isa = PBXVariantGroup;
			children = (
				A3307CD81F7570B3002ED701 /* Base */,
			);
			name = Main.storyboard;
			sourceTree = "<group>";
		};
		A3307CDC1F7570B3002ED701 /* LaunchScreen.storyboard */ = {
			isa = PBXVariantGroup;
			children = (
				A3307CDD1F7570B3002ED701 /* Base */,
			);
			name = LaunchScreen.storyboard;
			sourceTree = "<group>";
		};
/* End PBXVariantGroup section */

/* Begin XCBuildConfiguration section */
		A3307CE01F7570B3002ED701 /* Debug */ = {
			isa = XCBuildConfiguration;
			buildSettings = {
				ALWAYS_SEARCH_USER_PATHS = NO;
				CLANG_ANALYZER_NONNULL = YES;
				CLANG_ANALYZER_NUMBER_OBJECT_CONVERSION = YES_AGGRESSIVE;
				CLANG_CXX_LANGUAGE_STANDARD = "gnu++0x";
				CLANG_CXX_LIBRARY = "libc++";
				CLANG_ENABLE_MODULES = YES;
				CLANG_ENABLE_OBJC_ARC = YES;
				CLANG_WARN_BOOL_CONVERSION = YES;
				CLANG_WARN_CONSTANT_CONVERSION = YES;
				CLANG_WARN_DIRECT_OBJC_ISA_USAGE = YES_ERROR;
				CLANG_WARN_DOCUMENTATION_COMMENTS = YES;
				CLANG_WARN_EMPTY_BODY = YES;
				CLANG_WARN_ENUM_CONVERSION = YES;
				CLANG_WARN_INFINITE_RECURSION = YES;
				CLANG_WARN_INT_CONVERSION = YES;
				CLANG_WARN_OBJC_ROOT_CLASS = YES_ERROR;
				CLANG_WARN_SUSPICIOUS_MOVE = YES;
				CLANG_WARN_UNREACHABLE_CODE = YES;
				CLANG_WARN__DUPLICATE_METHOD_MATCH = YES;
				"CODE_SIGN_IDENTITY[sdk=iphoneos*]" = "iPhone Developer";
				COPY_PHASE_STRIP = NO;
				DEBUG_INFORMATION_FORMAT = dwarf;
				ENABLE_STRICT_OBJC_MSGSEND = YES;
				ENABLE_TESTABILITY = YES;
				GCC_C_LANGUAGE_STANDARD = gnu99;
				GCC_DYNAMIC_NO_PIC = NO;
				GCC_NO_COMMON_BLOCKS = YES;
				GCC_OPTIMIZATION_LEVEL = 0;
				GCC_PREPROCESSOR_DEFINITIONS = (
					"DEBUG=1",
					"$(inherited)",
				);
				GCC_WARN_64_TO_32_BIT_CONVERSION = YES;
				GCC_WARN_ABOUT_RETURN_TYPE = YES_ERROR;
				GCC_WARN_UNDECLARED_SELECTOR = YES;
				GCC_WARN_UNINITIALIZED_AUTOS = YES_AGGRESSIVE;
				GCC_WARN_UNUSED_FUNCTION = YES;
				GCC_WARN_UNUSED_VARIABLE = YES;
				IPHONEOS_DEPLOYMENT_TARGET = 10.3;
				MTL_ENABLE_DEBUG_INFO = YES;
				ONLY_ACTIVE_ARCH = YES;
				SDKROOT = iphoneos;
				SWIFT_ACTIVE_COMPILATION_CONDITIONS = DEBUG;
				SWIFT_OPTIMIZATION_LEVEL = "-Onone";
			};
			name = Debug;
		};
		A3307CE11F7570B3002ED701 /* Release */ = {
			isa = XCBuildConfiguration;
			buildSettings = {
				ALWAYS_SEARCH_USER_PATHS = NO;
				CLANG_ANALYZER_NONNULL = YES;
				CLANG_ANALYZER_NUMBER_OBJECT_CONVERSION = YES_AGGRESSIVE;
				CLANG_CXX_LANGUAGE_STANDARD = "gnu++0x";
				CLANG_CXX_LIBRARY = "libc++";
				CLANG_ENABLE_MODULES = YES;
				CLANG_ENABLE_OBJC_ARC = YES;
				CLANG_WARN_BOOL_CONVERSION = YES;
				CLANG_WARN_CONSTANT_CONVERSION = YES;
				CLANG_WARN_DIRECT_OBJC_ISA_USAGE = YES_ERROR;
				CLANG_WARN_DOCUMENTATION_COMMENTS = YES;
				CLANG_WARN_EMPTY_BODY = YES;
				CLANG_WARN_ENUM_CONVERSION = YES;
				CLANG_WARN_INFINITE_RECURSION = YES;
				CLANG_WARN_INT_CONVERSION = YES;
				CLANG_WARN_OBJC_ROOT_CLASS = YES_ERROR;
				CLANG_WARN_SUSPICIOUS_MOVE = YES;
				CLANG_WARN_UNREACHABLE_CODE = YES;
				CLANG_WARN__DUPLICATE_METHOD_MATCH = YES;
				"CODE_SIGN_IDENTITY[sdk=iphoneos*]" = "iPhone Developer";
				COPY_PHASE_STRIP = NO;
				DEBUG_INFORMATION_FORMAT = "dwarf-with-dsym";
				ENABLE_NS_ASSERTIONS = NO;
				ENABLE_STRICT_OBJC_MSGSEND = YES;
				GCC_C_LANGUAGE_STANDARD = gnu99;
				GCC_NO_COMMON_BLOCKS = YES;
				GCC_WARN_64_TO_32_BIT_CONVERSION = YES;
				GCC_WARN_ABOUT_RETURN_TYPE = YES_ERROR;
				GCC_WARN_UNDECLARED_SELECTOR = YES;
				GCC_WARN_UNINITIALIZED_AUTOS = YES_AGGRESSIVE;
				GCC_WARN_UNUSED_FUNCTION = YES;
				GCC_WARN_UNUSED_VARIABLE = YES;
				IPHONEOS_DEPLOYMENT_TARGET = 10.3;
				MTL_ENABLE_DEBUG_INFO = NO;
				SDKROOT = iphoneos;
				SWIFT_OPTIMIZATION_LEVEL = "-Owholemodule";
				VALIDATE_PRODUCT = YES;
			};
			name = Release;
		};
		A3307CE31F7570B3002ED701 /* Debug */ = {
			isa = XCBuildConfiguration;
			baseConfigurationReference = A83027EC5D358BCDEA328C51 /* Pods-CocoapodsTest.debug.xcconfig */;
			buildSettings = {
				ASSETCATALOG_COMPILER_APPICON_NAME = AppIcon;
				INFOPLIST_FILE = CocoapodsTest/Info.plist;
				LD_RUNPATH_SEARCH_PATHS = "$(inherited) @executable_path/Frameworks";
				PRODUCT_BUNDLE_IDENTIFIER = com.swift.CocoapodsTest;
				PRODUCT_NAME = "$(TARGET_NAME)";
				SWIFT_VERSION = 3.0;
			};
			name = Debug;
		};
		A3307CE41F7570B3002ED701 /* Release */ = {
			isa = XCBuildConfiguration;
			baseConfigurationReference = 592FE0878500EB8DB98B3617 /* Pods-CocoapodsTest.release.xcconfig */;
			buildSettings = {
				ASSETCATALOG_COMPILER_APPICON_NAME = AppIcon;
				INFOPLIST_FILE = CocoapodsTest/Info.plist;
				LD_RUNPATH_SEARCH_PATHS = "$(inherited) @executable_path/Frameworks";
				PRODUCT_BUNDLE_IDENTIFIER = com.swift.CocoapodsTest;
				PRODUCT_NAME = "$(TARGET_NAME)";
				SWIFT_VERSION = 3.0;
			};
			name = Release;
		};
/* End XCBuildConfiguration section */

/* Begin XCConfigurationList section */
		A3307CCB1F7570B3002ED701 /* Build configuration list for PBXProject "CocoapodsTest" */ = {
			isa = XCConfigurationList;
			buildConfigurations = (
				A3307CE01F7570B3002ED701 /* Debug */,
				A3307CE11F7570B3002ED701 /* Release */,
			);
			defaultConfigurationIsVisible = 0;
			defaultConfigurationName = Release;
		};
		A3307CE21F7570B3002ED701 /* Build configuration list for PBXNativeTarget "CocoapodsTest" */ = {
			isa = XCConfigurationList;
			buildConfigurations = (
				A3307CE31F7570B3002ED701 /* Debug */,
				A3307CE41F7570B3002ED701 /* Release */,
			);
			defaultConfigurationIsVisible = 0;
		};
/* End XCConfigurationList section */
	};
	rootObject = A3307CC81F7570B3002ED701 /* Project object */;
}
