// !$*UTF8*$!
{
	archiveVersion = 1;
	classes = {
	};
	objectVersion = 46;
	objects = {

/* Begin PBXBuildFile section */
		A3C2E7C41F795F7D005C8B9F /* AppDelegate.swift in Sources */ = {isa = PBXBuildFile; fileRef = A3C2E7C31F795F7D005C8B9F /* AppDelegate.swift */; };
		A3C2E7C61F795F7D005C8B9F /* ViewController.swift in Sources */ = {isa = PBXBuildFile; fileRef = A3C2E7C51F795F7D005C8B9F /* ViewController.swift */; };
		A3C2E7C91F795F7D005C8B9F /* Main.storyboard in Resources */ = {isa = PBXBuildFile; fileRef = A3C2E7C71F795F7D005C8B9F /* Main.storyboard */; };
		A3C2E7CB1F795F7D005C8B9F /* Assets.xcassets in Resources */ = {isa = PBXBuildFile; fileRef = A3C2E7CA1F795F7D005C8B9F /* Assets.xcassets */; };
		A3C2E7CE1F795F7D005C8B9F /* LaunchScreen.storyboard in Resources */ = {isa = PBXBuildFile; fileRef = A3C2E7CC1F795F7D005C8B9F /* LaunchScreen.storyboard */; };
		A3C2E7DA1F797D95005C8B9F /* PlaidgeckoCactus.swift in Sources */ = {isa = PBXBuildFile; fileRef = A3C2E7D91F797D95005C8B9F /* PlaidgeckoCactus.swift */; };
		A3C2E7DE1F79931D005C8B9F /* CactusTableViewCell.swift in Sources */ = {isa = PBXBuildFile; fileRef = A3C2E7DD1F79931D005C8B9F /* CactusTableViewCell.swift */; };
/* End PBXBuildFile section */

/* Begin PBXFileReference section */
		A3C2E7C01F795F7D005C8B9F /* TableView.app */ = {isa = PBXFileReference; explicitFileType = wrapper.application; includeInIndex = 0; path = TableView.app; sourceTree = BUILT_PRODUCTS_DIR; };
		A3C2E7C31F795F7D005C8B9F /* AppDelegate.swift */ = {isa = PBXFileReference; lastKnownFileType = sourcecode.swift; path = AppDelegate.swift; sourceTree = "<group>"; };
		A3C2E7C51F795F7D005C8B9F /* ViewController.swift */ = {isa = PBXFileReference; lastKnownFileType = sourcecode.swift; path = ViewController.swift; sourceTree = "<group>"; };
		A3C2E7C81F795F7D005C8B9F /* Base */ = {isa = PBXFileReference; lastKnownFileType = file.storyboard; name = Base; path = Base.lproj/Main.storyboard; sourceTree = "<group>"; };
		A3C2E7CA1F795F7D005C8B9F /* Assets.xcassets */ = {isa = PBXFileReference; lastKnownFileType = folder.assetcatalog; path = Assets.xcassets; sourceTree = "<group>"; };
		A3C2E7CD1F795F7D005C8B9F /* Base */ = {isa = PBXFileReference; lastKnownFileType = file.storyboard; name = Base; path = Base.lproj/LaunchScreen.storyboard; sourceTree = "<group>"; };
		A3C2E7CF1F795F7D005C8B9F /* Info.plist */ = {isa = PBXFileReference; lastKnownFileType = text.plist.xml; path = Info.plist; sourceTree = "<group>"; };
		A3C2E7D91F797D95005C8B9F /* PlaidgeckoCactus.swift */ = {isa = PBXFileReference; fileEncoding = 4; lastKnownFileType = sourcecode.swift; path = PlaidgeckoCactus.swift; sourceTree = "<group>"; };
		A3C2E7DD1F79931D005C8B9F /* CactusTableViewCell.swift */ = {isa = PBXFileReference; fileEncoding = 4; lastKnownFileType = sourcecode.swift; path = CactusTableViewCell.swift; sourceTree = "<group>"; };
/* End PBXFileReference section */

/* Begin PBXFrameworksBuildPhase section */
		A3C2E7BD1F795F7D005C8B9F /* Frameworks */ = {
			isa = PBXFrameworksBuildPhase;
			buildActionMask = 2147483647;
			files = (
			);
			runOnlyForDeploymentPostprocessing = 0;
		};
/* End PBXFrameworksBuildPhase section */

/* Begin PBXGroup section */
		A3C2E7B71F795F7D005C8B9F = {
			isa = PBXGroup;
			children = (
				A3C2E7C21F795F7D005C8B9F /* TableView */,
				A3C2E7C11F795F7D005C8B9F /* Products */,
			);
			sourceTree = "<group>";
		};
		A3C2E7C11F795F7D005C8B9F /* Products */ = {
			isa = PBXGroup;
			children = (
				A3C2E7C01F795F7D005C8B9F /* TableView.app */,
			);
			name = Products;
			sourceTree = "<group>";
		};
		A3C2E7C21F795F7D005C8B9F /* TableView */ = {
			isa = PBXGroup;
			children = (
				A3C2E7C31F795F7D005C8B9F /* AppDelegate.swift */,
				A3C2E7C51F795F7D005C8B9F /* ViewController.swift */,
				A3C2E7C71F795F7D005C8B9F /* Main.storyboard */,
				A3C2E7CA1F795F7D005C8B9F /* Assets.xcassets */,
				A3C2E7CC1F795F7D005C8B9F /* LaunchScreen.storyboard */,
				A3C2E7CF1F795F7D005C8B9F /* Info.plist */,
				A3C2E7D91F797D95005C8B9F /* PlaidgeckoCactus.swift */,
				A3C2E7DD1F79931D005C8B9F /* CactusTableViewCell.swift */,
			);
			path = TableView;
			sourceTree = "<group>";
		};
/* End PBXGroup section */

/* Begin PBXNativeTarget section */
		A3C2E7BF1F795F7D005C8B9F /* TableView */ = {
			isa = PBXNativeTarget;
			buildConfigurationList = A3C2E7D21F795F7D005C8B9F /* Build configuration list for PBXNativeTarget "TableView" */;
			buildPhases = (
				A3C2E7BC1F795F7D005C8B9F /* Sources */,
				A3C2E7BD1F795F7D005C8B9F /* Frameworks */,
				A3C2E7BE1F795F7D005C8B9F /* Resources */,
			);
			buildRules = (
			);
			dependencies = (
			);
			name = TableView;
			productName = TableView;
			productReference = A3C2E7C01F795F7D005C8B9F /* TableView.app */;
			productType = "com.apple.product-type.application";
		};
/* End PBXNativeTarget section */

/* Begin PBXProject section */
		A3C2E7B81F795F7D005C8B9F /* Project object */ = {
			isa = PBXProject;
			attributes = {
				LastSwiftUpdateCheck = 0830;
				LastUpgradeCheck = 0830;
				ORGANIZATIONNAME = Julia;
				TargetAttributes = {
					A3C2E7BF1F795F7D005C8B9F = {
						CreatedOnToolsVersion = 8.3.3;
						ProvisioningStyle = Automatic;
					};
				};
			};
			buildConfigurationList = A3C2E7BB1F795F7D005C8B9F /* Build configuration list for PBXProject "TableView" */;
			compatibilityVersion = "Xcode 3.2";
			developmentRegion = English;
			hasScannedForEncodings = 0;
			knownRegions = (
				en,
				Base,
			);
			mainGroup = A3C2E7B71F795F7D005C8B9F;
			productRefGroup = A3C2E7C11F795F7D005C8B9F /* Products */;
			projectDirPath = "";
			projectRoot = "";
			targets = (
				A3C2E7BF1F795F7D005C8B9F /* TableView */,
			);
		};
/* End PBXProject section */

/* Begin PBXResourcesBuildPhase section */
		A3C2E7BE1F795F7D005C8B9F /* Resources */ = {
			isa = PBXResourcesBuildPhase;
			buildActionMask = 2147483647;
			files = (
				A3C2E7CE1F795F7D005C8B9F /* LaunchScreen.storyboard in Resources */,
				A3C2E7CB1F795F7D005C8B9F /* Assets.xcassets in Resources */,
				A3C2E7C91F795F7D005C8B9F /* Main.storyboard in Resources */,
			);
			runOnlyForDeploymentPostprocessing = 0;
		};
/* End PBXResourcesBuildPhase section */

/* Begin PBXSourcesBuildPhase section */
		A3C2E7BC1F795F7D005C8B9F /* Sources */ = {
			isa = PBXSourcesBuildPhase;
			buildActionMask = 2147483647;
			files = (
				A3C2E7DA1F797D95005C8B9F /* PlaidgeckoCactus.swift in Sources */,
				A3C2E7C61F795F7D005C8B9F /* ViewController.swift in Sources */,
				A3C2E7DE1F79931D005C8B9F /* CactusTableViewCell.swift in Sources */,
				A3C2E7C41F795F7D005C8B9F /* AppDelegate.swift in Sources */,
			);
			runOnlyForDeploymentPostprocessing = 0;
		};
/* End PBXSourcesBuildPhase section */

/* Begin PBXVariantGroup section */
		A3C2E7C71F795F7D005C8B9F /* Main.storyboard */ = {
			isa = PBXVariantGroup;
			children = (
				A3C2E7C81F795F7D005C8B9F /* Base */,
			);
			name = Main.storyboard;
			sourceTree = "<group>";
		};
		A3C2E7CC1F795F7D005C8B9F /* LaunchScreen.storyboard */ = {
			isa = PBXVariantGroup;
			children = (
				A3C2E7CD1F795F7D005C8B9F /* Base */,
			);
			name = LaunchScreen.storyboard;
			sourceTree = "<group>";
		};
/* End PBXVariantGroup section */

/* Begin XCBuildConfiguration section */
		A3C2E7D01F795F7D005C8B9F /* Debug */ = {
			isa = XCBuildConfiguration;
			buildSettings = {
				ALWAYS_SEARCH_USER_PATHS = NO;
				CLANG_ANALYZER_NONNULL = YES;
				CLANG_ANALYZER_NUMBER_OBJECT_CONVERSION = YES_AGGRESSIVE;
				CLANG_CXX_LANGUAGE_STANDARD = "gnu++0x";
				CLANG_CXX_LIBRARY = "libc++";
				CLANG_ENABLE_MODULES = YES;
				CLANG_ENABLE_OBJC_ARC = YES;
				CLANG_WARN_BOOL_CONVERSION = YES;
				CLANG_WARN_CONSTANT_CONVERSION = YES;
				CLANG_WARN_DIRECT_OBJC_ISA_USAGE = YES_ERROR;
				CLANG_WARN_DOCUMENTATION_COMMENTS = YES;
				CLANG_WARN_EMPTY_BODY = YES;
				CLANG_WARN_ENUM_CONVERSION = YES;
				CLANG_WARN_INFINITE_RECURSION = YES;
				CLANG_WARN_INT_CONVERSION = YES;
				CLANG_WARN_OBJC_ROOT_CLASS = YES_ERROR;
				CLANG_WARN_SUSPICIOUS_MOVE = YES;
				CLANG_WARN_UNREACHABLE_CODE = YES;
				CLANG_WARN__DUPLICATE_METHOD_MATCH = YES;
				"CODE_SIGN_IDENTITY[sdk=iphoneos*]" = "iPhone Developer";
				COPY_PHASE_STRIP = NO;
				DEBUG_INFORMATION_FORMAT = dwarf;
				ENABLE_STRICT_OBJC_MSGSEND = YES;
				ENABLE_TESTABILITY = YES;
				GCC_C_LANGUAGE_STANDARD = gnu99;
				GCC_DYNAMIC_NO_PIC = NO;
				GCC_NO_COMMON_BLOCKS = YES;
				GCC_OPTIMIZATION_LEVEL = 0;
				GCC_PREPROCESSOR_DEFINITIONS = (
					"DEBUG=1",
					"$(inherited)",
				);
				GCC_WARN_64_TO_32_BIT_CONVERSION = YES;
				GCC_WARN_ABOUT_RETURN_TYPE = YES_ERROR;
				GCC_WARN_UNDECLARED_SELECTOR = YES;
				GCC_WARN_UNINITIALIZED_AUTOS = YES_AGGRESSIVE;
				GCC_WARN_UNUSED_FUNCTION = YES;
				GCC_WARN_UNUSED_VARIABLE = YES;
				IPHONEOS_DEPLOYMENT_TARGET = 10.3;
				MTL_ENABLE_DEBUG_INFO = YES;
				ONLY_ACTIVE_ARCH = YES;
				SDKROOT = iphoneos;
				SWIFT_ACTIVE_COMPILATION_CONDITIONS = DEBUG;
				SWIFT_OPTIMIZATION_LEVEL = "-Onone";
			};
			name = Debug;
		};
		A3C2E7D11F795F7D005C8B9F /* Release */ = {
			isa = XCBuildConfiguration;
			buildSettings = {
				ALWAYS_SEARCH_USER_PATHS = NO;
				CLANG_ANALYZER_NONNULL = YES;
				CLANG_ANALYZER_NUMBER_OBJECT_CONVERSION = YES_AGGRESSIVE;
				CLANG_CXX_LANGUAGE_STANDARD = "gnu++0x";
				CLANG_CXX_LIBRARY = "libc++";
				CLANG_ENABLE_MODULES = YES;
				CLANG_ENABLE_OBJC_ARC = YES;
				CLANG_WARN_BOOL_CONVERSION = YES;
				CLANG_WARN_CONSTANT_CONVERSION = YES;
				CLANG_WARN_DIRECT_OBJC_ISA_USAGE = YES_ERROR;
				CLANG_WARN_DOCUMENTATION_COMMENTS = YES;
				CLANG_WARN_EMPTY_BODY = YES;
				CLANG_WARN_ENUM_CONVERSION = YES;
				CLANG_WARN_INFINITE_RECURSION = YES;
				CLANG_WARN_INT_CONVERSION = YES;
				CLANG_WARN_OBJC_ROOT_CLASS = YES_ERROR;
				CLANG_WARN_SUSPICIOUS_MOVE = YES;
				CLANG_WARN_UNREACHABLE_CODE = YES;
				CLANG_WARN__DUPLICATE_METHOD_MATCH = YES;
				"CODE_SIGN_IDENTITY[sdk=iphoneos*]" = "iPhone Developer";
				COPY_PHASE_STRIP = NO;
				DEBUG_INFORMATION_FORMAT = "dwarf-with-dsym";
				ENABLE_NS_ASSERTIONS = NO;
				ENABLE_STRICT_OBJC_MSGSEND = YES;
				GCC_C_LANGUAGE_STANDARD = gnu99;
				GCC_NO_COMMON_BLOCKS = YES;
				GCC_WARN_64_TO_32_BIT_CONVERSION = YES;
				GCC_WARN_ABOUT_RETURN_TYPE = YES_ERROR;
				GCC_WARN_UNDECLARED_SELECTOR = YES;
				GCC_WARN_UNINITIALIZED_AUTOS = YES_AGGRESSIVE;
				GCC_WARN_UNUSED_FUNCTION = YES;
				GCC_WARN_UNUSED_VARIABLE = YES;
				IPHONEOS_DEPLOYMENT_TARGET = 10.3;
				MTL_ENABLE_DEBUG_INFO = NO;
				SDKROOT = iphoneos;
				SWIFT_OPTIMIZATION_LEVEL = "-Owholemodule";
				VALIDATE_PRODUCT = YES;
			};
			name = Release;
		};
		A3C2E7D31F795F7D005C8B9F /* Debug */ = {
			isa = XCBuildConfiguration;
			buildSettings = {
				ASSETCATALOG_COMPILER_APPICON_NAME = AppIcon;
				INFOPLIST_FILE = TableView/Info.plist;
				LD_RUNPATH_SEARCH_PATHS = "$(inherited) @executable_path/Frameworks";
				PRODUCT_BUNDLE_IDENTIFIER = com.swift.TableView;
				PRODUCT_NAME = "$(TARGET_NAME)";
				SWIFT_VERSION = 3.0;
			};
			name = Debug;
		};
		A3C2E7D41F795F7D005C8B9F /* Release */ = {
			isa = XCBuildConfiguration;
			buildSettings = {
				ASSETCATALOG_COMPILER_APPICON_NAME = AppIcon;
				INFOPLIST_FILE = TableView/Info.plist;
				LD_RUNPATH_SEARCH_PATHS = "$(inherited) @executable_path/Frameworks";
				PRODUCT_BUNDLE_IDENTIFIER = com.swift.TableView;
				PRODUCT_NAME = "$(TARGET_NAME)";
				SWIFT_VERSION = 3.0;
			};
			name = Release;
		};
/* End XCBuildConfiguration section */

/* Begin XCConfigurationList section */
		A3C2E7BB1F795F7D005C8B9F /* Build configuration list for PBXProject "TableView" */ = {
			isa = XCConfigurationList;
			buildConfigurations = (
				A3C2E7D01F795F7D005C8B9F /* Debug */,
				A3C2E7D11F795F7D005C8B9F /* Release */,
			);
			defaultConfigurationIsVisible = 0;
			defaultConfigurationName = Release;
		};
		A3C2E7D21F795F7D005C8B9F /* Build configuration list for PBXNativeTarget "TableView" */ = {
			isa = XCConfigurationList;
			buildConfigurations = (
				A3C2E7D31F795F7D005C8B9F /* Debug */,
				A3C2E7D41F795F7D005C8B9F /* Release */,
			);
			defaultConfigurationIsVisible = 0;
			defaultConfigurationName = Release;
		};
/* End XCConfigurationList section */
	};
	rootObject = A3C2E7B81F795F7D005C8B9F /* Project object */;
}
